
Microsoft Visual Studio Solution File, Format Version 12.00
# Visual Studio 15
VisualStudioVersion = 15.0.28307.902
MinimumVisualStudioVersion = 10.0.40219.1
Project("{FAE04EC0-301F-11D3-BF4B-00C04F79EFBC}") = "Dinamicavei", "Dinamicavei\Dinamicavei.csproj", "{F1218E83-EF52-4920-826B-D47C79D3F268}"
EndProject
Global
	GlobalSection(SolutionConfigurationPlatforms) = preSolution
		Debug|Any CPU = Debug|Any CPU
		Release|Any CPU = Release|Any CPU
	EndGlobalSection
	GlobalSection(ProjectConfigurationPlatforms) = postSolution
		{F1218E83-EF52-4920-826B-D47C79D3F268}.Debug|Any CPU.ActiveCfg = Debug|Any CPU
		{F1218E83-EF52-4920-826B-D47C79D3F268}.Debug|Any CPU.Build.0 = Debug|Any CPU
		{F1218E83-EF52-4920-826B-D47C79D3F268}.Release|Any CPU.ActiveCfg = Release|Any CPU
		{F1218E83-EF52-4920-826B-D47C79D3F268}.Release|Any CPU.Build.0 = Release|Any CPU
	EndGlobalSection
	GlobalSection(SolutionProperties) = preSolution
		HideSolutionNode = FALSE
	EndGlobalSection
	GlobalSection(ExtensibilityGlobals) = postSolution
		SolutionGuid = {381FA94D-7074-4152-AE8C-8D0A76C0BE3C}
	EndGlobalSection
EndGlobal
